
Microsoft Visual Studio Solution File, Format Version 12.00
# Visual Studio Version 17
VisualStudioVersion = 17.0.31903.59
MinimumVisualStudioVersion = 10.0.40219.1
Project("{2150E333-8FDC-42A3-9474-1A3956D46DE8}") = "src", "src", "{827E0CD3-B72D-47B6-A68D-7590B98EB39B}"
EndProject
Project("{FAE04EC0-301F-11D3-BF4B-00C04F79EFBC}") = "Nearbly.Api", "src\Nearbly.Api\Nearbly.Api.csproj", "{8B16BE86-4E53-4E02-9477-6112325CCA0D}"
EndProject
Project("{FAE04EC0-301F-11D3-BF4B-00C04F79EFBC}") = "Nearbly.Application", "src\Nearbly.Application\Nearbly.Application.csproj", "{7436E1F6-E057-4948-831B-364F10E8EF2E}"
EndProject
Project("{FAE04EC0-301F-11D3-BF4B-00C04F79EFBC}") = "Nearbly.Domain", "src\Nearbly.Domain\Nearbly.Domain.csproj", "{FBBEA644-85CC-416A-B562-D6065850A0CE}"
EndProject
Project("{FAE04EC0-301F-11D3-BF4B-00C04F79EFBC}") = "Nearbly.Infrastructure", "src\Nearbly.Infrastructure\Nearbly.Infrastructure.csproj", "{9E400B8C-9ED0-4A4C-AE0F-BA78F740587E}"
EndProject
Project("{2150E333-8FDC-42A3-9474-1A3956D46DE8}") = "tests", "tests", "{0AB3BF05-4346-4AA6-1389-037BE0695223}"
EndProject
Project("{FAE04EC0-301F-11D3-BF4B-00C04F79EFBC}") = "Nearbly.UnitTests", "tests\Nearbly.UnitTests\Nearbly.UnitTests.csproj", "{404FCF39-499B-453E-B2BD-CF8F71924DBC}"
EndProject
Project("{FAE04EC0-301F-11D3-BF4B-00C04F79EFBC}") = "Nearbly.IntegrationTests", "tests\Nearbly.IntegrationTests\Nearbly.IntegrationTests.csproj", "{30A33BAD-2076-4CDC-8F16-9257D1416AF1}"
EndProject
Global
	GlobalSection(SolutionConfigurationPlatforms) = preSolution
		Debug|Any CPU = Debug|Any CPU
		Debug|x64 = Debug|x64
		Debug|x86 = Debug|x86
		Release|Any CPU = Release|Any CPU
		Release|x64 = Release|x64
		Release|x86 = Release|x86
	EndGlobalSection
	GlobalSection(ProjectConfigurationPlatforms) = postSolution
		{8B16BE86-4E53-4E02-9477-6112325CCA0D}.Debug|Any CPU.ActiveCfg = Debug|Any CPU
		{8B16BE86-4E53-4E02-9477-6112325CCA0D}.Debug|Any CPU.Build.0 = Debug|Any CPU
		{8B16BE86-4E53-4E02-9477-6112325CCA0D}.Debug|x64.ActiveCfg = Debug|Any CPU
		{8B16BE86-4E53-4E02-9477-6112325CCA0D}.Debug|x64.Build.0 = Debug|Any CPU
		{8B16BE86-4E53-4E02-9477-6112325CCA0D}.Debug|x86.ActiveCfg = Debug|Any CPU
		{8B16BE86-4E53-4E02-9477-6112325CCA0D}.Debug|x86.Build.0 = Debug|Any CPU
		{8B16BE86-4E53-4E02-9477-6112325CCA0D}.Release|Any CPU.ActiveCfg = Release|Any CPU
		{8B16BE86-4E53-4E02-9477-6112325CCA0D}.Release|Any CPU.Build.0 = Release|Any CPU
		{8B16BE86-4E53-4E02-9477-6112325CCA0D}.Release|x64.ActiveCfg = Release|Any CPU
		{8B16BE86-4E53-4E02-9477-6112325CCA0D}.Release|x64.Build.0 = Release|Any CPU
		{8B16BE86-4E53-4E02-9477-6112325CCA0D}.Release|x86.ActiveCfg = Release|Any CPU
		{8B16BE86-4E53-4E02-9477-6112325CCA0D}.Release|x86.Build.0 = Release|Any CPU
		{7436E1F6-E057-4948-831B-364F10E8EF2E}.Debug|Any CPU.ActiveCfg = Debug|Any CPU
		{7436E1F6-E057-4948-831B-364F10E8EF2E}.Debug|Any CPU.Build.0 = Debug|Any CPU
		{7436E1F6-E057-4948-831B-364F10E8EF2E}.Debug|x64.ActiveCfg = Debug|Any CPU
		{7436E1F6-E057-4948-831B-364F10E8EF2E}.Debug|x64.Build.0 = Debug|Any CPU
		{7436E1F6-E057-4948-831B-364F10E8EF2E}.Debug|x86.ActiveCfg = Debug|Any CPU
		{7436E1F6-E057-4948-831B-364F10E8EF2E}.Debug|x86.Build.0 = Debug|Any CPU
		{7436E1F6-E057-4948-831B-364F10E8EF2E}.Release|Any CPU.ActiveCfg = Release|Any CPU
		{7436E1F6-E057-4948-831B-364F10E8EF2E}.Release|Any CPU.Build.0 = Release|Any CPU
		{7436E1F6-E057-4948-831B-364F10E8EF2E}.Release|x64.ActiveCfg = Release|Any CPU
		{7436E1F6-E057-4948-831B-364F10E8EF2E}.Release|x64.Build.0 = Release|Any CPU
		{7436E1F6-E057-4948-831B-364F10E8EF2E}.Release|x86.ActiveCfg = Release|Any CPU
		{7436E1F6-E057-4948-831B-364F10E8EF2E}.Release|x86.Build.0 = Release|Any CPU
		{FBBEA644-85CC-416A-B562-D6065850A0CE}.Debug|Any CPU.ActiveCfg = Debug|Any CPU
		{FBBEA644-85CC-416A-B562-D6065850A0CE}.Debug|Any CPU.Build.0 = Debug|Any CPU
		{FBBEA644-85CC-416A-B562-D6065850A0CE}.Debug|x64.ActiveCfg = Debug|Any CPU
		{FBBEA644-85CC-416A-B562-D6065850A0CE}.Debug|x64.Build.0 = Debug|Any CPU
		{FBBEA644-85CC-416A-B562-D6065850A0CE}.Debug|x86.ActiveCfg = Debug|Any CPU
		{FBBEA644-85CC-416A-B562-D6065850A0CE}.Debug|x86.Build.0 = Debug|Any CPU
		{FBBEA644-85CC-416A-B562-D6065850A0CE}.Release|Any CPU.ActiveCfg = Release|Any CPU
		{FBBEA644-85CC-416A-B562-D6065850A0CE}.Release|Any CPU.Build.0 = Release|Any CPU
		{FBBEA644-85CC-416A-B562-D6065850A0CE}.Release|x64.ActiveCfg = Release|Any CPU
		{FBBEA644-85CC-416A-B562-D6065850A0CE}.Release|x64.Build.0 = Release|Any CPU
		{FBBEA644-85CC-416A-B562-D6065850A0CE}.Release|x86.ActiveCfg = Release|Any CPU
		{FBBEA644-85CC-416A-B562-D6065850A0CE}.Release|x86.Build.0 = Release|Any CPU
		{9E400B8C-9ED0-4A4C-AE0F-BA78F740587E}.Debug|Any CPU.ActiveCfg = Debug|Any CPU
		{9E400B8C-9ED0-4A4C-AE0F-BA78F740587E}.Debug|Any CPU.Build.0 = Debug|Any CPU
		{9E400B8C-9ED0-4A4C-AE0F-BA78F740587E}.Debug|x64.ActiveCfg = Debug|Any CPU
		{9E400B8C-9ED0-4A4C-AE0F-BA78F740587E}.Debug|x64.Build.0 = Debug|Any CPU
		{9E400B8C-9ED0-4A4C-AE0F-BA78F740587E}.Debug|x86.ActiveCfg = Debug|Any CPU
		{9E400B8C-9ED0-4A4C-AE0F-BA78F740587E}.Debug|x86.Build.0 = Debug|Any CPU
		{9E400B8C-9ED0-4A4C-AE0F-BA78F740587E}.Release|Any CPU.ActiveCfg = Release|Any CPU
		{9E400B8C-9ED0-4A4C-AE0F-BA78F740587E}.Release|Any CPU.Build.0 = Release|Any CPU
		{9E400B8C-9ED0-4A4C-AE0F-BA78F740587E}.Release|x64.ActiveCfg = Release|Any CPU
		{9E400B8C-9ED0-4A4C-AE0F-BA78F740587E}.Release|x64.Build.0 = Release|Any CPU
		{9E400B8C-9ED0-4A4C-AE0F-BA78F740587E}.Release|x86.ActiveCfg = Release|Any CPU
		{9E400B8C-9ED0-4A4C-AE0F-BA78F740587E}.Release|x86.Build.0 = Release|Any CPU
		{404FCF39-499B-453E-B2BD-CF8F71924DBC}.Debug|Any CPU.ActiveCfg = Debug|Any CPU
		{404FCF39-499B-453E-B2BD-CF8F71924DBC}.Debug|Any CPU.Build.0 = Debug|Any CPU
		{404FCF39-499B-453E-B2BD-CF8F71924DBC}.Debug|x64.ActiveCfg = Debug|Any CPU
		{404FCF39-499B-453E-B2BD-CF8F71924DBC}.Debug|x64.Build.0 = Debug|Any CPU
		{404FCF39-499B-453E-B2BD-CF8F71924DBC}.Debug|x86.ActiveCfg = Debug|Any CPU
		{404FCF39-499B-453E-B2BD-CF8F71924DBC}.Debug|x86.Build.0 = Debug|Any CPU
		{404FCF39-499B-453E-B2BD-CF8F71924DBC}.Release|Any CPU.ActiveCfg = Release|Any CPU
		{404FCF39-499B-453E-B2BD-CF8F71924DBC}.Release|Any CPU.Build.0 = Release|Any CPU
		{404FCF39-499B-453E-B2BD-CF8F71924DBC}.Release|x64.ActiveCfg = Release|Any CPU
		{404FCF39-499B-453E-B2BD-CF8F71924DBC}.Release|x64.Build.0 = Release|Any CPU
		{404FCF39-499B-453E-B2BD-CF8F71924DBC}.Release|x86.ActiveCfg = Release|Any CPU
		{404FCF39-499B-453E-B2BD-CF8F71924DBC}.Release|x86.Build.0 = Release|Any CPU
		{30A33BAD-2076-4CDC-8F16-9257D1416AF1}.Debug|Any CPU.ActiveCfg = Debug|Any CPU
		{30A33BAD-2076-4CDC-8F16-9257D1416AF1}.Debug|Any CPU.Build.0 = Debug|Any CPU
		{30A33BAD-2076-4CDC-8F16-9257D1416AF1}.Debug|x64.ActiveCfg = Debug|Any CPU
		{30A33BAD-2076-4CDC-8F16-9257D1416AF1}.Debug|x64.Build.0 = Debug|Any CPU
		{30A33BAD-2076-4CDC-8F16-9257D1416AF1}.Debug|x86.ActiveCfg = Debug|Any CPU
		{30A33BAD-2076-4CDC-8F16-9257D1416AF1}.Debug|x86.Build.0 = Debug|Any CPU
		{30A33BAD-2076-4CDC-8F16-9257D1416AF1}.Release|Any CPU.ActiveCfg = Release|Any CPU
		{30A33BAD-2076-4CDC-8F16-9257D1416AF1}.Release|Any CPU.Build.0 = Release|Any CPU
		{30A33BAD-2076-4CDC-8F16-9257D1416AF1}.Release|x64.ActiveCfg = Release|Any CPU
		{30A33BAD-2076-4CDC-8F16-9257D1416AF1}.Release|x64.Build.0 = Release|Any CPU
		{30A33BAD-2076-4CDC-8F16-9257D1416AF1}.Release|x86.ActiveCfg = Release|Any CPU
		{30A33BAD-2076-4CDC-8F16-9257D1416AF1}.Release|x86.Build.0 = Release|Any CPU
	EndGlobalSection
	GlobalSection(SolutionProperties) = preSolution
		HideSolutionNode = FALSE
	EndGlobalSection
	GlobalSection(NestedProjects) = preSolution
		{8B16BE86-4E53-4E02-9477-6112325CCA0D} = {827E0CD3-B72D-47B6-A68D-7590B98EB39B}
		{7436E1F6-E057-4948-831B-364F10E8EF2E} = {827E0CD3-B72D-47B6-A68D-7590B98EB39B}
		{FBBEA644-85CC-416A-B562-D6065850A0CE} = {827E0CD3-B72D-47B6-A68D-7590B98EB39B}
		{9E400B8C-9ED0-4A4C-AE0F-BA78F740587E} = {827E0CD3-B72D-47B6-A68D-7590B98EB39B}
		{404FCF39-499B-453E-B2BD-CF8F71924DBC} = {0AB3BF05-4346-4AA6-1389-037BE0695223}
		{30A33BAD-2076-4CDC-8F16-9257D1416AF1} = {0AB3BF05-4346-4AA6-1389-037BE0695223}
	EndGlobalSection
EndGlobal
